// !$*UTF8*$!
{
	archiveVersion = 1;
	classes = {
	};
	objectVersion = 50;
	objects = {

/* Begin PBXBuildFile section */
		39950C882425BEFA006A188D /* AppDelegate.swift in Sources */ = {isa = PBXBuildFile; fileRef = 39950C872425BEFA006A188D /* AppDelegate.swift */; };
		39950C8A2425BEFA006A188D /* SceneDelegate.swift in Sources */ = {isa = PBXBuildFile; fileRef = 39950C892425BEFA006A188D /* SceneDelegate.swift */; };
		39950C8C2425BEFA006A188D /* ContentView.swift in Sources */ = {isa = PBXBuildFile; fileRef = 39950C8B2425BEFA006A188D /* ContentView.swift */; };
		39950C8E2425BF07006A188D /* Assets.xcassets in Resources */ = {isa = PBXBuildFile; fileRef = 39950C8D2425BF07006A188D /* Assets.xcassets */; };
		39950C912425BF07006A188D /* Preview Assets.xcassets in Resources */ = {isa = PBXBuildFile; fileRef = 39950C902425BF07006A188D /* Preview Assets.xcassets */; };
		39950C942425BF07006A188D /* LaunchScreen.storyboard in Resources */ = {isa = PBXBuildFile; fileRef = 39950C922425BF07006A188D /* LaunchScreen.storyboard */; };
		39950C9F2425BF07006A188D /* OpenTests.swift in Sources */ = {isa = PBXBuildFile; fileRef = 39950C9E2425BF07006A188D /* OpenTests.swift */; };
		39950CAA2425BF07006A188D /* OpenUITests.swift in Sources */ = {isa = PBXBuildFile; fileRef = 39950CA92425BF07006A188D /* OpenUITests.swift */; };
		39950CBA2425BF79006A188D /* Location.swift in Sources */ = {isa = PBXBuildFile; fileRef = 39950CB92425BF79006A188D /* Location.swift */; };
		39950CBC2425C084006A188D /* LocationCard.swift in Sources */ = {isa = PBXBuildFile; fileRef = 39950CBB2425C084006A188D /* LocationCard.swift */; };
		39950CBE2425C0E7006A188D /* Card.swift in Sources */ = {isa = PBXBuildFile; fileRef = 39950CBD2425C0E7006A188D /* Card.swift */; };
		39950CC02425C1A3006A188D /* Swipable.swift in Sources */ = {isa = PBXBuildFile; fileRef = 39950CBF2425C1A3006A188D /* Swipable.swift */; };
		39950CC22425D37E006A188D /* CardSwipeList.swift in Sources */ = {isa = PBXBuildFile; fileRef = 39950CC12425D37E006A188D /* CardSwipeList.swift */; };
		39950CC52426AB24006A188D /* MapKit.framework in Frameworks */ = {isa = PBXBuildFile; fileRef = 39950CC42426AB24006A188D /* MapKit.framework */; };
		39950CC82426AB8D006A188D /* MapKit+Combine.swift in Sources */ = {isa = PBXBuildFile; fileRef = 39950CC72426AB8D006A188D /* MapKit+Combine.swift */; };
		39950CCA2426AC29006A188D /* CoreLocation.framework in Frameworks */ = {isa = PBXBuildFile; fileRef = 39950CC92426AC29006A188D /* CoreLocation.framework */; };
		39950CCC2426AC35006A188D /* CoreLocation+Combine.swift in Sources */ = {isa = PBXBuildFile; fileRef = 39950CCB2426AC35006A188D /* CoreLocation+Combine.swift */; };
		39950CCF2426E0B9006A188D /* Images.swift in Sources */ = {isa = PBXBuildFile; fileRef = 39950CCE2426E0B9006A188D /* Images.swift */; };
/* End PBXBuildFile section */

/* Begin PBXContainerItemProxy section */
		39950C9B2425BF07006A188D /* PBXContainerItemProxy */ = {
			isa = PBXContainerItemProxy;
			containerPortal = 39950C7C2425BEFA006A188D /* Project object */;
			proxyType = 1;
			remoteGlobalIDString = 39950C832425BEFA006A188D;
			remoteInfo = Open;
		};
		39950CA62425BF07006A188D /* PBXContainerItemProxy */ = {
			isa = PBXContainerItemProxy;
			containerPortal = 39950C7C2425BEFA006A188D /* Project object */;
			proxyType = 1;
			remoteGlobalIDString = 39950C832425BEFA006A188D;
			remoteInfo = Open;
		};
/* End PBXContainerItemProxy section */

/* Begin PBXFileReference section */
		39950C842425BEFA006A188D /* Open.app */ = {isa = PBXFileReference; explicitFileType = wrapper.application; includeInIndex = 0; path = Open.app; sourceTree = BUILT_PRODUCTS_DIR; };
		39950C872425BEFA006A188D /* AppDelegate.swift */ = {isa = PBXFileReference; lastKnownFileType = sourcecode.swift; path = AppDelegate.swift; sourceTree = "<group>"; };
		39950C892425BEFA006A188D /* SceneDelegate.swift */ = {isa = PBXFileReference; lastKnownFileType = sourcecode.swift; path = SceneDelegate.swift; sourceTree = "<group>"; };
		39950C8B2425BEFA006A188D /* ContentView.swift */ = {isa = PBXFileReference; lastKnownFileType = sourcecode.swift; path = ContentView.swift; sourceTree = "<group>"; };
		39950C8D2425BF07006A188D /* Assets.xcassets */ = {isa = PBXFileReference; lastKnownFileType = folder.assetcatalog; path = Assets.xcassets; sourceTree = "<group>"; };
		39950C902425BF07006A188D /* Preview Assets.xcassets */ = {isa = PBXFileReference; lastKnownFileType = folder.assetcatalog; path = "Preview Assets.xcassets"; sourceTree = "<group>"; };
		39950C932425BF07006A188D /* Base */ = {isa = PBXFileReference; lastKnownFileType = file.storyboard; name = Base; path = Base.lproj/LaunchScreen.storyboard; sourceTree = "<group>"; };
		39950C952425BF07006A188D /* Info.plist */ = {isa = PBXFileReference; lastKnownFileType = text.plist.xml; path = Info.plist; sourceTree = "<group>"; };
		39950C9A2425BF07006A188D /* OpenTests.xctest */ = {isa = PBXFileReference; explicitFileType = wrapper.cfbundle; includeInIndex = 0; path = OpenTests.xctest; sourceTree = BUILT_PRODUCTS_DIR; };
		39950C9E2425BF07006A188D /* OpenTests.swift */ = {isa = PBXFileReference; lastKnownFileType = sourcecode.swift; path = OpenTests.swift; sourceTree = "<group>"; };
		39950CA02425BF07006A188D /* Info.plist */ = {isa = PBXFileReference; lastKnownFileType = text.plist.xml; path = Info.plist; sourceTree = "<group>"; };
		39950CA52425BF07006A188D /* OpenUITests.xctest */ = {isa = PBXFileReference; explicitFileType = wrapper.cfbundle; includeInIndex = 0; path = OpenUITests.xctest; sourceTree = BUILT_PRODUCTS_DIR; };
		39950CA92425BF07006A188D /* OpenUITests.swift */ = {isa = PBXFileReference; lastKnownFileType = sourcecode.swift; path = OpenUITests.swift; sourceTree = "<group>"; };
		39950CAB2425BF07006A188D /* Info.plist */ = {isa = PBXFileReference; lastKnownFileType = text.plist.xml; path = Info.plist; sourceTree = "<group>"; };
		39950CB92425BF79006A188D /* Location.swift */ = {isa = PBXFileReference; lastKnownFileType = sourcecode.swift; path = Location.swift; sourceTree = "<group>"; };
		39950CBB2425C084006A188D /* LocationCard.swift */ = {isa = PBXFileReference; lastKnownFileType = sourcecode.swift; path = LocationCard.swift; sourceTree = "<group>"; };
		39950CBD2425C0E7006A188D /* Card.swift */ = {isa = PBXFileReference; lastKnownFileType = sourcecode.swift; path = Card.swift; sourceTree = "<group>"; };
		39950CBF2425C1A3006A188D /* Swipable.swift */ = {isa = PBXFileReference; lastKnownFileType = sourcecode.swift; path = Swipable.swift; sourceTree = "<group>"; };
		39950CC12425D37E006A188D /* CardSwipeList.swift */ = {isa = PBXFileReference; lastKnownFileType = sourcecode.swift; path = CardSwipeList.swift; sourceTree = "<group>"; };
		39950CC42426AB24006A188D /* MapKit.framework */ = {isa = PBXFileReference; lastKnownFileType = wrapper.framework; name = MapKit.framework; path = System/Library/Frameworks/MapKit.framework; sourceTree = SDKROOT; };
		39950CC72426AB8D006A188D /* MapKit+Combine.swift */ = {isa = PBXFileReference; lastKnownFileType = sourcecode.swift; path = "MapKit+Combine.swift"; sourceTree = "<group>"; };
		39950CC92426AC29006A188D /* CoreLocation.framework */ = {isa = PBXFileReference; lastKnownFileType = wrapper.framework; name = CoreLocation.framework; path = System/Library/Frameworks/CoreLocation.framework; sourceTree = SDKROOT; };
		39950CCB2426AC35006A188D /* CoreLocation+Combine.swift */ = {isa = PBXFileReference; lastKnownFileType = sourcecode.swift; path = "CoreLocation+Combine.swift"; sourceTree = "<group>"; };
		39950CCE2426E0B9006A188D /* Images.swift */ = {isa = PBXFileReference; lastKnownFileType = sourcecode.swift; path = Images.swift; sourceTree = "<group>"; };
/* End PBXFileReference section */

/* Begin PBXFrameworksBuildPhase section */
		39950C812425BEFA006A188D /* Frameworks */ = {
			isa = PBXFrameworksBuildPhase;
			buildActionMask = 2147483647;
			files = (
				39950CCA2426AC29006A188D /* CoreLocation.framework in Frameworks */,
				39950CC52426AB24006A188D /* MapKit.framework in Frameworks */,
			);
			runOnlyForDeploymentPostprocessing = 0;
		};
		39950C972425BF07006A188D /* Frameworks */ = {
			isa = PBXFrameworksBuildPhase;
			buildActionMask = 2147483647;
			files = (
			);
			runOnlyForDeploymentPostprocessing = 0;
		};
		39950CA22425BF07006A188D /* Frameworks */ = {
			isa = PBXFrameworksBuildPhase;
			buildActionMask = 2147483647;
			files = (
			);
			runOnlyForDeploymentPostprocessing = 0;
		};
/* End PBXFrameworksBuildPhase section */

/* Begin PBXGroup section */
		39950C7B2425BEFA006A188D = {
			isa = PBXGroup;
			children = (
				39950C862425BEFA006A188D /* Open */,
				39950C9D2425BF07006A188D /* OpenTests */,
				39950CA82425BF07006A188D /* OpenUITests */,
				39950C852425BEFA006A188D /* Products */,
				39950CC32426AB24006A188D /* Frameworks */,
			);
			sourceTree = "<group>";
		};
		39950C852425BEFA006A188D /* Products */ = {
			isa = PBXGroup;
			children = (
				39950C842425BEFA006A188D /* Open.app */,
				39950C9A2425BF07006A188D /* OpenTests.xctest */,
				39950CA52425BF07006A188D /* OpenUITests.xctest */,
			);
			name = Products;
			sourceTree = "<group>";
		};
		39950C862425BEFA006A188D /* Open */ = {
			isa = PBXGroup;
			children = (
				39950CCD2426E0AA006A188D /* Resources */,
				39950CC62426AB7B006A188D /* ReactiveMapKit */,
				39950CB82425BF56006A188D /* Views */,
				39950CB72425BF4F006A188D /* Data */,
				39950C872425BEFA006A188D /* AppDelegate.swift */,
				39950C892425BEFA006A188D /* SceneDelegate.swift */,
				39950C8D2425BF07006A188D /* Assets.xcassets */,
				39950C922425BF07006A188D /* LaunchScreen.storyboard */,
				39950C952425BF07006A188D /* Info.plist */,
				39950C8F2425BF07006A188D /* Preview Content */,
			);
			path = Open;
			sourceTree = "<group>";
		};
		39950C8F2425BF07006A188D /* Preview Content */ = {
			isa = PBXGroup;
			children = (
				39950C902425BF07006A188D /* Preview Assets.xcassets */,
			);
			path = "Preview Content";
			sourceTree = "<group>";
		};
		39950C9D2425BF07006A188D /* OpenTests */ = {
			isa = PBXGroup;
			children = (
				39950C9E2425BF07006A188D /* OpenTests.swift */,
				39950CA02425BF07006A188D /* Info.plist */,
			);
			path = OpenTests;
			sourceTree = "<group>";
		};
		39950CA82425BF07006A188D /* OpenUITests */ = {
			isa = PBXGroup;
			children = (
				39950CA92425BF07006A188D /* OpenUITests.swift */,
				39950CAB2425BF07006A188D /* Info.plist */,
			);
			path = OpenUITests;
			sourceTree = "<group>";
		};
		39950CB72425BF4F006A188D /* Data */ = {
			isa = PBXGroup;
			children = (
				39950CB92425BF79006A188D /* Location.swift */,
			);
			path = Data;
			sourceTree = "<group>";
		};
		39950CB82425BF56006A188D /* Views */ = {
			isa = PBXGroup;
			children = (
				39950C8B2425BEFA006A188D /* ContentView.swift */,
				39950CBB2425C084006A188D /* LocationCard.swift */,
				39950CBD2425C0E7006A188D /* Card.swift */,
				39950CBF2425C1A3006A188D /* Swipable.swift */,
				39950CC12425D37E006A188D /* CardSwipeList.swift */,
			);
			path = Views;
			sourceTree = "<group>";
		};
		39950CC32426AB24006A188D /* Frameworks */ = {
			isa = PBXGroup;
			children = (
				39950CC92426AC29006A188D /* CoreLocation.framework */,
				39950CC42426AB24006A188D /* MapKit.framework */,
			);
			name = Frameworks;
			sourceTree = "<group>";
		};
		39950CC62426AB7B006A188D /* ReactiveMapKit */ = {
			isa = PBXGroup;
			children = (
				39950CC72426AB8D006A188D /* MapKit+Combine.swift */,
				39950CCB2426AC35006A188D /* CoreLocation+Combine.swift */,
			);
			path = ReactiveMapKit;
			sourceTree = "<group>";
		};
		39950CCD2426E0AA006A188D /* Resources */ = {
			isa = PBXGroup;
			children = (
				39950CCE2426E0B9006A188D /* Images.swift */,
			);
			path = Resources;
			sourceTree = "<group>";
		};
/* End PBXGroup section */

/* Begin PBXNativeTarget section */
		39950C832425BEFA006A188D /* Open */ = {
			isa = PBXNativeTarget;
			buildConfigurationList = 39950CAE2425BF07006A188D /* Build configuration list for PBXNativeTarget "Open" */;
			buildPhases = (
				39950C802425BEFA006A188D /* Sources */,
				39950C812425BEFA006A188D /* Frameworks */,
				39950C822425BEFA006A188D /* Resources */,
			);
			buildRules = (
			);
			dependencies = (
			);
			name = Open;
			productName = Open;
			productReference = 39950C842425BEFA006A188D /* Open.app */;
			productType = "com.apple.product-type.application";
		};
		39950C992425BF07006A188D /* OpenTests */ = {
			isa = PBXNativeTarget;
			buildConfigurationList = 39950CB12425BF07006A188D /* Build configuration list for PBXNativeTarget "OpenTests" */;
			buildPhases = (
				39950C962425BF07006A188D /* Sources */,
				39950C972425BF07006A188D /* Frameworks */,
				39950C982425BF07006A188D /* Resources */,
			);
			buildRules = (
			);
			dependencies = (
				39950C9C2425BF07006A188D /* PBXTargetDependency */,
			);
			name = OpenTests;
			productName = OpenTests;
			productReference = 39950C9A2425BF07006A188D /* OpenTests.xctest */;
			productType = "com.apple.product-type.bundle.unit-test";
		};
		39950CA42425BF07006A188D /* OpenUITests */ = {
			isa = PBXNativeTarget;
			buildConfigurationList = 39950CB42425BF07006A188D /* Build configuration list for PBXNativeTarget "OpenUITests" */;
			buildPhases = (
				39950CA12425BF07006A188D /* Sources */,
				39950CA22425BF07006A188D /* Frameworks */,
				39950CA32425BF07006A188D /* Resources */,
			);
			buildRules = (
			);
			dependencies = (
				39950CA72425BF07006A188D /* PBXTargetDependency */,
			);
			name = OpenUITests;
			productName = OpenUITests;
			productReference = 39950CA52425BF07006A188D /* OpenUITests.xctest */;
			productType = "com.apple.product-type.bundle.ui-testing";
		};
/* End PBXNativeTarget section */

/* Begin PBXProject section */
		39950C7C2425BEFA006A188D /* Project object */ = {
			isa = PBXProject;
			attributes = {
				LastSwiftUpdateCheck = 1130;
				LastUpgradeCheck = 1130;
				ORGANIZATIONNAME = "John McAvey";
				TargetAttributes = {
					39950C832425BEFA006A188D = {
						CreatedOnToolsVersion = 11.3.1;
					};
					39950C992425BF07006A188D = {
						CreatedOnToolsVersion = 11.3.1;
						TestTargetID = 39950C832425BEFA006A188D;
					};
					39950CA42425BF07006A188D = {
						CreatedOnToolsVersion = 11.3.1;
						TestTargetID = 39950C832425BEFA006A188D;
					};
				};
			};
			buildConfigurationList = 39950C7F2425BEFA006A188D /* Build configuration list for PBXProject "Open" */;
			compatibilityVersion = "Xcode 9.3";
			developmentRegion = en;
			hasScannedForEncodings = 0;
			knownRegions = (
				en,
				Base,
			);
			mainGroup = 39950C7B2425BEFA006A188D;
			productRefGroup = 39950C852425BEFA006A188D /* Products */;
			projectDirPath = "";
			projectRoot = "";
			targets = (
				39950C832425BEFA006A188D /* Open */,
				39950C992425BF07006A188D /* OpenTests */,
				39950CA42425BF07006A188D /* OpenUITests */,
			);
		};
/* End PBXProject section */

/* Begin PBXResourcesBuildPhase section */
		39950C822425BEFA006A188D /* Resources */ = {
			isa = PBXResourcesBuildPhase;
			buildActionMask = 2147483647;
			files = (
				39950C942425BF07006A188D /* LaunchScreen.storyboard in Resources */,
				39950C912425BF07006A188D /* Preview Assets.xcassets in Resources */,
				39950C8E2425BF07006A188D /* Assets.xcassets in Resources */,
			);
			runOnlyForDeploymentPostprocessing = 0;
		};
		39950C982425BF07006A188D /* Resources */ = {
			isa = PBXResourcesBuildPhase;
			buildActionMask = 2147483647;
			files = (
			);
			runOnlyForDeploymentPostprocessing = 0;
		};
		39950CA32425BF07006A188D /* Resources */ = {
			isa = PBXResourcesBuildPhase;
			buildActionMask = 2147483647;
			files = (
			);
			runOnlyForDeploymentPostprocessing = 0;
		};
/* End PBXResourcesBuildPhase section */

/* Begin PBXSourcesBuildPhase section */
		39950C802425BEFA006A188D /* Sources */ = {
			isa = PBXSourcesBuildPhase;
			buildActionMask = 2147483647;
			files = (
				39950C882425BEFA006A188D /* AppDelegate.swift in Sources */,
				39950CC02425C1A3006A188D /* Swipable.swift in Sources */,
				39950CBE2425C0E7006A188D /* Card.swift in Sources */,
				39950CCF2426E0B9006A188D /* Images.swift in Sources */,
				39950C8A2425BEFA006A188D /* SceneDelegate.swift in Sources */,
				39950CC22425D37E006A188D /* CardSwipeList.swift in Sources */,
				39950CBA2425BF79006A188D /* Location.swift in Sources */,
				39950CBC2425C084006A188D /* LocationCard.swift in Sources */,
				39950CC82426AB8D006A188D /* MapKit+Combine.swift in Sources */,
				39950C8C2425BEFA006A188D /* ContentView.swift in Sources */,
				39950CCC2426AC35006A188D /* CoreLocation+Combine.swift in Sources */,
			);
			runOnlyForDeploymentPostprocessing = 0;
		};
		39950C962425BF07006A188D /* Sources */ = {
			isa = PBXSourcesBuildPhase;
			buildActionMask = 2147483647;
			files = (
				39950C9F2425BF07006A188D /* OpenTests.swift in Sources */,
			);
			runOnlyForDeploymentPostprocessing = 0;
		};
		39950CA12425BF07006A188D /* Sources */ = {
			isa = PBXSourcesBuildPhase;
			buildActionMask = 2147483647;
			files = (
				39950CAA2425BF07006A188D /* OpenUITests.swift in Sources */,
			);
			runOnlyForDeploymentPostprocessing = 0;
		};
/* End PBXSourcesBuildPhase section */

/* Begin PBXTargetDependency section */
		39950C9C2425BF07006A188D /* PBXTargetDependency */ = {
			isa = PBXTargetDependency;
			target = 39950C832425BEFA006A188D /* Open */;
			targetProxy = 39950C9B2425BF07006A188D /* PBXContainerItemProxy */;
		};
		39950CA72425BF07006A188D /* PBXTargetDependency */ = {
			isa = PBXTargetDependency;
			target = 39950C832425BEFA006A188D /* Open */;
			targetProxy = 39950CA62425BF07006A188D /* PBXContainerItemProxy */;
		};
/* End PBXTargetDependency section */

/* Begin PBXVariantGroup section */
		39950C922425BF07006A188D /* LaunchScreen.storyboard */ = {
			isa = PBXVariantGroup;
			children = (
				39950C932425BF07006A188D /* Base */,
			);
			name = LaunchScreen.storyboard;
			sourceTree = "<group>";
		};
/* End PBXVariantGroup section */

/* Begin XCBuildConfiguration section */
		39950CAC2425BF07006A188D /* Debug */ = {
			isa = XCBuildConfiguration;
			buildSettings = {
				ALWAYS_SEARCH_USER_PATHS = NO;
				CLANG_ANALYZER_NONNULL = YES;
				CLANG_ANALYZER_NUMBER_OBJECT_CONVERSION = YES_AGGRESSIVE;
				CLANG_CXX_LANGUAGE_STANDARD = "gnu++14";
				CLANG_CXX_LIBRARY = "libc++";
				CLANG_ENABLE_MODULES = YES;
				CLANG_ENABLE_OBJC_ARC = YES;
				CLANG_ENABLE_OBJC_WEAK = YES;
				CLANG_WARN_BLOCK_CAPTURE_AUTORELEASING = YES;
				CLANG_WARN_BOOL_CONVERSION = YES;
				CLANG_WARN_COMMA = YES;
				CLANG_WARN_CONSTANT_CONVERSION = YES;
				CLANG_WARN_DEPRECATED_OBJC_IMPLEMENTATIONS = YES;
				CLANG_WARN_DIRECT_OBJC_ISA_USAGE = YES_ERROR;
				CLANG_WARN_DOCUMENTATION_COMMENTS = YES;
				CLANG_WARN_EMPTY_BODY = YES;
				CLANG_WARN_ENUM_CONVERSION = YES;
				CLANG_WARN_INFINITE_RECURSION = YES;
				CLANG_WARN_INT_CONVERSION = YES;
				CLANG_WARN_NON_LITERAL_NULL_CONVERSION = YES;
				CLANG_WARN_OBJC_IMPLICIT_RETAIN_SELF = YES;
				CLANG_WARN_OBJC_LITERAL_CONVERSION = YES;
				CLANG_WARN_OBJC_ROOT_CLASS = YES_ERROR;
				CLANG_WARN_RANGE_LOOP_ANALYSIS = YES;
				CLANG_WARN_STRICT_PROTOTYPES = YES;
				CLANG_WARN_SUSPICIOUS_MOVE = YES;
				CLANG_WARN_UNGUARDED_AVAILABILITY = YES_AGGRESSIVE;
				CLANG_WARN_UNREACHABLE_CODE = YES;
				CLANG_WARN__DUPLICATE_METHOD_MATCH = YES;
				COPY_PHASE_STRIP = NO;
				DEBUG_INFORMATION_FORMAT = dwarf;
				ENABLE_STRICT_OBJC_MSGSEND = YES;
				ENABLE_TESTABILITY = YES;
				GCC_C_LANGUAGE_STANDARD = gnu11;
				GCC_DYNAMIC_NO_PIC = NO;
				GCC_NO_COMMON_BLOCKS = YES;
				GCC_OPTIMIZATION_LEVEL = 0;
				GCC_PREPROCESSOR_DEFINITIONS = (
					"DEBUG=1",
					"$(inherited)",
				);
				GCC_WARN_64_TO_32_BIT_CONVERSION = YES;
				GCC_WARN_ABOUT_RETURN_TYPE = YES_ERROR;
				GCC_WARN_UNDECLARED_SELECTOR = YES;
				GCC_WARN_UNINITIALIZED_AUTOS = YES_AGGRESSIVE;
				GCC_WARN_UNUSED_FUNCTION = YES;
				GCC_WARN_UNUSED_VARIABLE = YES;
				IPHONEOS_DEPLOYMENT_TARGET = 13.2;
				MTL_ENABLE_DEBUG_INFO = INCLUDE_SOURCE;
				MTL_FAST_MATH = YES;
				ONLY_ACTIVE_ARCH = YES;
				SDKROOT = iphoneos;
				SWIFT_ACTIVE_COMPILATION_CONDITIONS = DEBUG;
				SWIFT_OPTIMIZATION_LEVEL = "-Onone";
			};
			name = Debug;
		};
		39950CAD2425BF07006A188D /* Release */ = {
			isa = XCBuildConfiguration;
			buildSettings = {
				ALWAYS_SEARCH_USER_PATHS = NO;
				CLANG_ANALYZER_NONNULL = YES;
				CLANG_ANALYZER_NUMBER_OBJECT_CONVERSION = YES_AGGRESSIVE;
				CLANG_CXX_LANGUAGE_STANDARD = "gnu++14";
				CLANG_CXX_LIBRARY = "libc++";
				CLANG_ENABLE_MODULES = YES;
				CLANG_ENABLE_OBJC_ARC = YES;
				CLANG_ENABLE_OBJC_WEAK = YES;
				CLANG_WARN_BLOCK_CAPTURE_AUTORELEASING = YES;
				CLANG_WARN_BOOL_CONVERSION = YES;
				CLANG_WARN_COMMA = YES;
				CLANG_WARN_CONSTANT_CONVERSION = YES;
				CLANG_WARN_DEPRECATED_OBJC_IMPLEMENTATIONS = YES;
				CLANG_WARN_DIRECT_OBJC_ISA_USAGE = YES_ERROR;
				CLANG_WARN_DOCUMENTATION_COMMENTS = YES;
				CLANG_WARN_EMPTY_BODY = YES;
				CLANG_WARN_ENUM_CONVERSION = YES;
				CLANG_WARN_INFINITE_RECURSION = YES;
				CLANG_WARN_INT_CONVERSION = YES;
				CLANG_WARN_NON_LITERAL_NULL_CONVERSION = YES;
				CLANG_WARN_OBJC_IMPLICIT_RETAIN_SELF = YES;
				CLANG_WARN_OBJC_LITERAL_CONVERSION = YES;
				CLANG_WARN_OBJC_ROOT_CLASS = YES_ERROR;
				CLANG_WARN_RANGE_LOOP_ANALYSIS = YES;
				CLANG_WARN_STRICT_PROTOTYPES = YES;
				CLANG_WARN_SUSPICIOUS_MOVE = YES;
				CLANG_WARN_UNGUARDED_AVAILABILITY = YES_AGGRESSIVE;
				CLANG_WARN_UNREACHABLE_CODE = YES;
				CLANG_WARN__DUPLICATE_METHOD_MATCH = YES;
				COPY_PHASE_STRIP = NO;
				DEBUG_INFORMATION_FORMAT = "dwarf-with-dsym";
				ENABLE_NS_ASSERTIONS = NO;
				ENABLE_STRICT_OBJC_MSGSEND = YES;
				GCC_C_LANGUAGE_STANDARD = gnu11;
				GCC_NO_COMMON_BLOCKS = YES;
				GCC_WARN_64_TO_32_BIT_CONVERSION = YES;
				GCC_WARN_ABOUT_RETURN_TYPE = YES_ERROR;
				GCC_WARN_UNDECLARED_SELECTOR = YES;
				GCC_WARN_UNINITIALIZED_AUTOS = YES_AGGRESSIVE;
				GCC_WARN_UNUSED_FUNCTION = YES;
				GCC_WARN_UNUSED_VARIABLE = YES;
				IPHONEOS_DEPLOYMENT_TARGET = 13.2;
				MTL_ENABLE_DEBUG_INFO = NO;
				MTL_FAST_MATH = YES;
				SDKROOT = iphoneos;
				SWIFT_COMPILATION_MODE = wholemodule;
				SWIFT_OPTIMIZATION_LEVEL = "-O";
				VALIDATE_PRODUCT = YES;
			};
			name = Release;
		};
		39950CAF2425BF07006A188D /* Debug */ = {
			isa = XCBuildConfiguration;
			buildSettings = {
				ASSETCATALOG_COMPILER_APPICON_NAME = AppIcon;
				CODE_SIGN_STYLE = Automatic;
				DEVELOPMENT_ASSET_PATHS = "\"Open/Preview Content\"";
				DEVELOPMENT_TEAM = 6VKP38H23M;
				ENABLE_PREVIEWS = YES;
				INFOPLIST_FILE = Open/Info.plist;
				LD_RUNPATH_SEARCH_PATHS = (
					"$(inherited)",
					"@executable_path/Frameworks",
				);
				PRODUCT_BUNDLE_IDENTIFIER = com.mcavey.john.Open;
				PRODUCT_NAME = "$(TARGET_NAME)";
				SWIFT_VERSION = 5.0;
				TARGETED_DEVICE_FAMILY = "1,2";
			};
			name = Debug;
		};
		39950CB02425BF07006A188D /* Release */ = {
			isa = XCBuildConfiguration;
			buildSettings = {
				ASSETCATALOG_COMPILER_APPICON_NAME = AppIcon;
				CODE_SIGN_STYLE = Automatic;
				DEVELOPMENT_ASSET_PATHS = "\"Open/Preview Content\"";
				DEVELOPMENT_TEAM = 6VKP38H23M;
				ENABLE_PREVIEWS = YES;
				INFOPLIST_FILE = Open/Info.plist;
				LD_RUNPATH_SEARCH_PATHS = (
					"$(inherited)",
					"@executable_path/Frameworks",
				);
				PRODUCT_BUNDLE_IDENTIFIER = com.mcavey.john.Open;
				PRODUCT_NAME = "$(TARGET_NAME)";
				SWIFT_VERSION = 5.0;
				TARGETED_DEVICE_FAMILY = "1,2";
			};
			name = Release;
		};
		39950CB22425BF07006A188D /* Debug */ = {
			isa = XCBuildConfiguration;
			buildSettings = {
				ALWAYS_EMBED_SWIFT_STANDARD_LIBRARIES = YES;
				BUNDLE_LOADER = "$(TEST_HOST)";
				CODE_SIGN_STYLE = Automatic;
				DEVELOPMENT_TEAM = 6VKP38H23M;
				INFOPLIST_FILE = OpenTests/Info.plist;
				IPHONEOS_DEPLOYMENT_TARGET = 13.2;
				LD_RUNPATH_SEARCH_PATHS = (
					"$(inherited)",
					"@executable_path/Frameworks",
					"@loader_path/Frameworks",
				);
				PRODUCT_BUNDLE_IDENTIFIER = com.mcavey.john.OpenTests;
				PRODUCT_NAME = "$(TARGET_NAME)";
				SWIFT_VERSION = 5.0;
				TARGETED_DEVICE_FAMILY = "1,2";
				TEST_HOST = "$(BUILT_PRODUCTS_DIR)/Open.app/Open";
			};
			name = Debug;
		};
		39950CB32425BF07006A188D /* Release */ = {
			isa = XCBuildConfiguration;
			buildSettings = {
				ALWAYS_EMBED_SWIFT_STANDARD_LIBRARIES = YES;
				BUNDLE_LOADER = "$(TEST_HOST)";
				CODE_SIGN_STYLE = Automatic;
				DEVELOPMENT_TEAM = 6VKP38H23M;
				INFOPLIST_FILE = OpenTests/Info.plist;
				IPHONEOS_DEPLOYMENT_TARGET = 13.2;
				LD_RUNPATH_SEARCH_PATHS = (
					"$(inherited)",
					"@executable_path/Frameworks",
					"@loader_path/Frameworks",
				);
				PRODUCT_BUNDLE_IDENTIFIER = com.mcavey.john.OpenTests;
				PRODUCT_NAME = "$(TARGET_NAME)";
				SWIFT_VERSION = 5.0;
				TARGETED_DEVICE_FAMILY = "1,2";
				TEST_HOST = "$(BUILT_PRODUCTS_DIR)/Open.app/Open";
			};
			name = Release;
		};
		39950CB52425BF07006A188D /* Debug */ = {
			isa = XCBuildConfiguration;
			buildSettings = {
				ALWAYS_EMBED_SWIFT_STANDARD_LIBRARIES = YES;
				CODE_SIGN_STYLE = Automatic;
				DEVELOPMENT_TEAM = 6VKP38H23M;
				INFOPLIST_FILE = OpenUITests/Info.plist;
				LD_RUNPATH_SEARCH_PATHS = (
					"$(inherited)",
					"@executable_path/Frameworks",
					"@loader_path/Frameworks",
				);
				PRODUCT_BUNDLE_IDENTIFIER = com.mcavey.john.OpenUITests;
				PRODUCT_NAME = "$(TARGET_NAME)";
				SWIFT_VERSION = 5.0;
				TARGETED_DEVICE_FAMILY = "1,2";
				TEST_TARGET_NAME = Open;
			};
			name = Debug;
		};
		39950CB62425BF07006A188D /* Release */ = {
			isa = XCBuildConfiguration;
			buildSettings = {
				ALWAYS_EMBED_SWIFT_STANDARD_LIBRARIES = YES;
				CODE_SIGN_STYLE = Automatic;
				DEVELOPMENT_TEAM = 6VKP38H23M;
				INFOPLIST_FILE = OpenUITests/Info.plist;
				LD_RUNPATH_SEARCH_PATHS = (
					"$(inherited)",
					"@executable_path/Frameworks",
					"@loader_path/Frameworks",
				);
				PRODUCT_BUNDLE_IDENTIFIER = com.mcavey.john.OpenUITests;
				PRODUCT_NAME = "$(TARGET_NAME)";
				SWIFT_VERSION = 5.0;
				TARGETED_DEVICE_FAMILY = "1,2";
				TEST_TARGET_NAME = Open;
			};
			name = Release;
		};
/* End XCBuildConfiguration section */

/* Begin XCConfigurationList section */
		39950C7F2425BEFA006A188D /* Build configuration list for PBXProject "Open" */ = {
			isa = XCConfigurationList;
			buildConfigurations = (
				39950CAC2425BF07006A188D /* Debug */,
				39950CAD2425BF07006A188D /* Release */,
			);
			defaultConfigurationIsVisible = 0;
			defaultConfigurationName = Release;
		};
		39950CAE2425BF07006A188D /* Build configuration list for PBXNativeTarget "Open" */ = {
			isa = XCConfigurationList;
			buildConfigurations = (
				39950CAF2425BF07006A188D /* Debug */,
				39950CB02425BF07006A188D /* Release */,
			);
			defaultConfigurationIsVisible = 0;
			defaultConfigurationName = Release;
		};
		39950CB12425BF07006A188D /* Build configuration list for PBXNativeTarget "OpenTests" */ = {
			isa = XCConfigurationList;
			buildConfigurations = (
				39950CB22425BF07006A188D /* Debug */,
				39950CB32425BF07006A188D /* Release */,
			);
			defaultConfigurationIsVisible = 0;
			defaultConfigurationName = Release;
		};
		39950CB42425BF07006A188D /* Build configuration list for PBXNativeTarget "OpenUITests" */ = {
			isa = XCConfigurationList;
			buildConfigurations = (
				39950CB52425BF07006A188D /* Debug */,
				39950CB62425BF07006A188D /* Release */,
			);
			defaultConfigurationIsVisible = 0;
			defaultConfigurationName = Release;
		};
/* End XCConfigurationList section */
	};
	rootObject = 39950C7C2425BEFA006A188D /* Project object */;
}
